// !$*UTF8*$!
{
	archiveVersion = 1;
	classes = {
	};
	objectVersion = 50;
	objects = {

/* Begin PBXBuildFile section */
		BEB62D98D46725B9C0D5EB94 /* Pods_first_guru_project.framework in Frameworks */ = {isa = PBXBuildFile; fileRef = A50AF41A7637091D0A00AFA6 /* Pods_first_guru_project.framework */; };
		C7C8915625A71731008C324F /* AppDelegate.swift in Sources */ = {isa = PBXBuildFile; fileRef = C7C8915525A71731008C324F /* AppDelegate.swift */; };
		C7C8915825A71731008C324F /* SceneDelegate.swift in Sources */ = {isa = PBXBuildFile; fileRef = C7C8915725A71731008C324F /* SceneDelegate.swift */; };
		C7C8915A25A71731008C324F /* ViewController.swift in Sources */ = {isa = PBXBuildFile; fileRef = C7C8915925A71731008C324F /* ViewController.swift */; };
		C7C8915D25A71731008C324F /* Main.storyboard in Resources */ = {isa = PBXBuildFile; fileRef = C7C8915B25A71731008C324F /* Main.storyboard */; };
		C7C8915F25A71732008C324F /* Assets.xcassets in Resources */ = {isa = PBXBuildFile; fileRef = C7C8915E25A71732008C324F /* Assets.xcassets */; };
		C7C8916225A71732008C324F /* LaunchScreen.storyboard in Resources */ = {isa = PBXBuildFile; fileRef = C7C8916025A71732008C324F /* LaunchScreen.storyboard */; };
/* End PBXBuildFile section */

/* Begin PBXFileReference section */
		7CDF702FAA89E4F78D70E69A /* Pods-first_guru_project.release.xcconfig */ = {isa = PBXFileReference; includeInIndex = 1; lastKnownFileType = text.xcconfig; name = "Pods-first_guru_project.release.xcconfig"; path = "Target Support Files/Pods-first_guru_project/Pods-first_guru_project.release.xcconfig"; sourceTree = "<group>"; };
		A50AF41A7637091D0A00AFA6 /* Pods_first_guru_project.framework */ = {isa = PBXFileReference; explicitFileType = wrapper.framework; includeInIndex = 0; path = Pods_first_guru_project.framework; sourceTree = BUILT_PRODUCTS_DIR; };
		C7C8915225A71731008C324F /* first_guru_project.app */ = {isa = PBXFileReference; explicitFileType = wrapper.application; includeInIndex = 0; path = first_guru_project.app; sourceTree = BUILT_PRODUCTS_DIR; };
		C7C8915525A71731008C324F /* AppDelegate.swift */ = {isa = PBXFileReference; lastKnownFileType = sourcecode.swift; path = AppDelegate.swift; sourceTree = "<group>"; };
		C7C8915725A71731008C324F /* SceneDelegate.swift */ = {isa = PBXFileReference; lastKnownFileType = sourcecode.swift; path = SceneDelegate.swift; sourceTree = "<group>"; };
		C7C8915925A71731008C324F /* ViewController.swift */ = {isa = PBXFileReference; lastKnownFileType = sourcecode.swift; path = ViewController.swift; sourceTree = "<group>"; };
		C7C8915C25A71731008C324F /* Base */ = {isa = PBXFileReference; lastKnownFileType = file.storyboard; name = Base; path = Base.lproj/Main.storyboard; sourceTree = "<group>"; };
		C7C8915E25A71732008C324F /* Assets.xcassets */ = {isa = PBXFileReference; lastKnownFileType = folder.assetcatalog; path = Assets.xcassets; sourceTree = "<group>"; };
		C7C8916125A71732008C324F /* Base */ = {isa = PBXFileReference; lastKnownFileType = file.storyboard; name = Base; path = Base.lproj/LaunchScreen.storyboard; sourceTree = "<group>"; };
		C7C8916325A71732008C324F /* Info.plist */ = {isa = PBXFileReference; lastKnownFileType = text.plist.xml; path = Info.plist; sourceTree = "<group>"; };
		F76CB44EA084E9728B33300A /* Pods-first_guru_project.debug.xcconfig */ = {isa = PBXFileReference; includeInIndex = 1; lastKnownFileType = text.xcconfig; name = "Pods-first_guru_project.debug.xcconfig"; path = "Target Support Files/Pods-first_guru_project/Pods-first_guru_project.debug.xcconfig"; sourceTree = "<group>"; };
/* End PBXFileReference section */

/* Begin PBXFrameworksBuildPhase section */
		C7C8914F25A71731008C324F /* Frameworks */ = {
			isa = PBXFrameworksBuildPhase;
			buildActionMask = 2147483647;
			files = (
				BEB62D98D46725B9C0D5EB94 /* Pods_first_guru_project.framework in Frameworks */,
			);
			runOnlyForDeploymentPostprocessing = 0;
		};
/* End PBXFrameworksBuildPhase section */

/* Begin PBXGroup section */
		56D9C11347BC3A1B252A70E3 /* Pods */ = {
			isa = PBXGroup;
			children = (
				F76CB44EA084E9728B33300A /* Pods-first_guru_project.debug.xcconfig */,
				7CDF702FAA89E4F78D70E69A /* Pods-first_guru_project.release.xcconfig */,
			);
			name = Pods;
			path = Pods;
			sourceTree = "<group>";
		};
		B0D31B7EE2BFA77E447070F4 /* Frameworks */ = {
			isa = PBXGroup;
			children = (
				A50AF41A7637091D0A00AFA6 /* Pods_first_guru_project.framework */,
			);
			name = Frameworks;
			sourceTree = "<group>";
		};
		C7C8914925A71731008C324F = {
			isa = PBXGroup;
			children = (
				C7C8915425A71731008C324F /* first_guru_project */,
				C7C8915325A71731008C324F /* Products */,
				56D9C11347BC3A1B252A70E3 /* Pods */,
				B0D31B7EE2BFA77E447070F4 /* Frameworks */,
			);
			sourceTree = "<group>";
		};
		C7C8915325A71731008C324F /* Products */ = {
			isa = PBXGroup;
			children = (
				C7C8915225A71731008C324F /* first_guru_project.app */,
			);
			name = Products;
			sourceTree = "<group>";
		};
		C7C8915425A71731008C324F /* first_guru_project */ = {
			isa = PBXGroup;
			children = (
				C7C8915525A71731008C324F /* AppDelegate.swift */,
				C7C8915725A71731008C324F /* SceneDelegate.swift */,
				C7C8915925A71731008C324F /* ViewController.swift */,
				C7C8915B25A71731008C324F /* Main.storyboard */,
				C7C8915E25A71732008C324F /* Assets.xcassets */,
				C7C8916025A71732008C324F /* LaunchScreen.storyboard */,
				C7C8916325A71732008C324F /* Info.plist */,
			);
			path = first_guru_project;
			sourceTree = "<group>";
		};
/* End PBXGroup section */

/* Begin PBXNativeTarget section */
		C7C8915125A71731008C324F /* first_guru_project */ = {
			isa = PBXNativeTarget;
			buildConfigurationList = C7C8916625A71732008C324F /* Build configuration list for PBXNativeTarget "first_guru_project" */;
			buildPhases = (
				B1D2029F46DE91CC6F370FFD /* [CP] Check Pods Manifest.lock */,
				C7C8914E25A71731008C324F /* Sources */,
				C7C8914F25A71731008C324F /* Frameworks */,
				C7C8915025A71731008C324F /* Resources */,
				9EC4D099AFC21A0EE7139A75 /* [CP] Embed Pods Frameworks */,
			);
			buildRules = (
			);
			dependencies = (
			);
			name = first_guru_project;
			productName = first_guru_project;
			productReference = C7C8915225A71731008C324F /* first_guru_project.app */;
			productType = "com.apple.product-type.application";
		};
/* End PBXNativeTarget section */

/* Begin PBXProject section */
		C7C8914A25A71731008C324F /* Project object */ = {
			isa = PBXProject;
			attributes = {
				LastSwiftUpdateCheck = 1230;
				LastUpgradeCheck = 1230;
				TargetAttributes = {
					C7C8915125A71731008C324F = {
						CreatedOnToolsVersion = 12.3;
					};
				};
			};
			buildConfigurationList = C7C8914D25A71731008C324F /* Build configuration list for PBXProject "first_guru_project" */;
			compatibilityVersion = "Xcode 9.3";
			developmentRegion = en;
			hasScannedForEncodings = 0;
			knownRegions = (
				en,
				Base,
			);
			mainGroup = C7C8914925A71731008C324F;
			productRefGroup = C7C8915325A71731008C324F /* Products */;
			projectDirPath = "";
			projectRoot = "";
			targets = (
				C7C8915125A71731008C324F /* first_guru_project */,
			);
		};
/* End PBXProject section */

/* Begin PBXResourcesBuildPhase section */
		C7C8915025A71731008C324F /* Resources */ = {
			isa = PBXResourcesBuildPhase;
			buildActionMask = 2147483647;
			files = (
				C7C8916225A71732008C324F /* LaunchScreen.storyboard in Resources */,
				C7C8915F25A71732008C324F /* Assets.xcassets in Resources */,
				C7C8915D25A71731008C324F /* Main.storyboard in Resources */,
			);
			runOnlyForDeploymentPostprocessing = 0;
		};
/* End PBXResourcesBuildPhase section */

/* Begin PBXShellScriptBuildPhase section */
		9EC4D099AFC21A0EE7139A75 /* [CP] Embed Pods Frameworks */ = {
			isa = PBXShellScriptBuildPhase;
			buildActionMask = 2147483647;
			files = (
			);
			inputFileListPaths = (
				"${PODS_ROOT}/Target Support Files/Pods-first_guru_project/Pods-first_guru_project-frameworks-${CONFIGURATION}-input-files.xcfilelist",
			);
			name = "[CP] Embed Pods Frameworks";
			outputFileListPaths = (
				"${PODS_ROOT}/Target Support Files/Pods-first_guru_project/Pods-first_guru_project-frameworks-${CONFIGURATION}-output-files.xcfilelist",
			);
			runOnlyForDeploymentPostprocessing = 0;
			shellPath = /bin/sh;
			shellScript = "\"${PODS_ROOT}/Target Support Files/Pods-first_guru_project/Pods-first_guru_project-frameworks.sh\"\n";
			showEnvVarsInLog = 0;
		};
		B1D2029F46DE91CC6F370FFD /* [CP] Check Pods Manifest.lock */ = {
			isa = PBXShellScriptBuildPhase;
			buildActionMask = 2147483647;
			files = (
			);
			inputFileListPaths = (
			);
			inputPaths = (
				"${PODS_PODFILE_DIR_PATH}/Podfile.lock",
				"${PODS_ROOT}/Manifest.lock",
			);
			name = "[CP] Check Pods Manifest.lock";
			outputFileListPaths = (
			);
			outputPaths = (
				"$(DERIVED_FILE_DIR)/Pods-first_guru_project-checkManifestLockResult.txt",
			);
			runOnlyForDeploymentPostprocessing = 0;
			shellPath = /bin/sh;
			shellScript = "diff \"${PODS_PODFILE_DIR_PATH}/Podfile.lock\" \"${PODS_ROOT}/Manifest.lock\" > /dev/null\nif [ $? != 0 ] ; then\n    # print error to STDERR\n    echo \"error: The sandbox is not in sync with the Podfile.lock. Run 'pod install' or update your CocoaPods installation.\" >&2\n    exit 1\nfi\n# This output is used by Xcode 'outputs' to avoid re-running this script phase.\necho \"SUCCESS\" > \"${SCRIPT_OUTPUT_FILE_0}\"\n";
			showEnvVarsInLog = 0;
		};
/* End PBXShellScriptBuildPhase section */

/* Begin PBXSourcesBuildPhase section */
		C7C8914E25A71731008C324F /* Sources */ = {
			isa = PBXSourcesBuildPhase;
			buildActionMask = 2147483647;
			files = (
				C7C8915A25A71731008C324F /* ViewController.swift in Sources */,
				C7C8915625A71731008C324F /* AppDelegate.swift in Sources */,
				C7C8915825A71731008C324F /* SceneDelegate.swift in Sources */,
			);
			runOnlyForDeploymentPostprocessing = 0;
		};
/* End PBXSourcesBuildPhase section */

/* Begin PBXVariantGroup section */
		C7C8915B25A71731008C324F /* Main.storyboard */ = {
			isa = PBXVariantGroup;
			children = (
				C7C8915C25A71731008C324F /* Base */,
			);
			name = Main.storyboard;
			sourceTree = "<group>";
		};
		C7C8916025A71732008C324F /* LaunchScreen.storyboard */ = {
			isa = PBXVariantGroup;
			children = (
				C7C8916125A71732008C324F /* Base */,
			);
			name = LaunchScreen.storyboard;
			sourceTree = "<group>";
		};
/* End PBXVariantGroup section */

/* Begin XCBuildConfiguration section */
		C7C8916425A71732008C324F /* Debug */ = {
			isa = XCBuildConfiguration;
			buildSettings = {
				ALWAYS_SEARCH_USER_PATHS = NO;
				CLANG_ANALYZER_NONNULL = YES;
				CLANG_ANALYZER_NUMBER_OBJECT_CONVERSION = YES_AGGRESSIVE;
				CLANG_CXX_LANGUAGE_STANDARD = "gnu++14";
				CLANG_CXX_LIBRARY = "libc++";
				CLANG_ENABLE_MODULES = YES;
				CLANG_ENABLE_OBJC_ARC = YES;
				CLANG_ENABLE_OBJC_WEAK = YES;
				CLANG_WARN_BLOCK_CAPTURE_AUTORELEASING = YES;
				CLANG_WARN_BOOL_CONVERSION = YES;
				CLANG_WARN_COMMA = YES;
				CLANG_WARN_CONSTANT_CONVERSION = YES;
				CLANG_WARN_DEPRECATED_OBJC_IMPLEMENTATIONS = YES;
				CLANG_WARN_DIRECT_OBJC_ISA_USAGE = YES_ERROR;
				CLANG_WARN_DOCUMENTATION_COMMENTS = YES;
				CLANG_WARN_EMPTY_BODY = YES;
				CLANG_WARN_ENUM_CONVERSION = YES;
				CLANG_WARN_INFINITE_RECURSION = YES;
				CLANG_WARN_INT_CONVERSION = YES;
				CLANG_WARN_NON_LITERAL_NULL_CONVERSION = YES;
				CLANG_WARN_OBJC_IMPLICIT_RETAIN_SELF = YES;
				CLANG_WARN_OBJC_LITERAL_CONVERSION = YES;
				CLANG_WARN_OBJC_ROOT_CLASS = YES_ERROR;
				CLANG_WARN_QUOTED_INCLUDE_IN_FRAMEWORK_HEADER = YES;
				CLANG_WARN_RANGE_LOOP_ANALYSIS = YES;
				CLANG_WARN_STRICT_PROTOTYPES = YES;
				CLANG_WARN_SUSPICIOUS_MOVE = YES;
				CLANG_WARN_UNGUARDED_AVAILABILITY = YES_AGGRESSIVE;
				CLANG_WARN_UNREACHABLE_CODE = YES;
				CLANG_WARN__DUPLICATE_METHOD_MATCH = YES;
				COPY_PHASE_STRIP = NO;
				DEBUG_INFORMATION_FORMAT = dwarf;
				ENABLE_STRICT_OBJC_MSGSEND = YES;
				ENABLE_TESTABILITY = YES;
				GCC_C_LANGUAGE_STANDARD = gnu11;
				GCC_DYNAMIC_NO_PIC = NO;
				GCC_NO_COMMON_BLOCKS = YES;
				GCC_OPTIMIZATION_LEVEL = 0;
				GCC_PREPROCESSOR_DEFINITIONS = (
					"DEBUG=1",
					"$(inherited)",
				);
				GCC_WARN_64_TO_32_BIT_CONVERSION = YES;
				GCC_WARN_ABOUT_RETURN_TYPE = YES_ERROR;
				GCC_WARN_UNDECLARED_SELECTOR = YES;
				GCC_WARN_UNINITIALIZED_AUTOS = YES_AGGRESSIVE;
				GCC_WARN_UNUSED_FUNCTION = YES;
				GCC_WARN_UNUSED_VARIABLE = YES;
				IPHONEOS_DEPLOYMENT_TARGET = 14.3;
				MTL_ENABLE_DEBUG_INFO = INCLUDE_SOURCE;
				MTL_FAST_MATH = YES;
				ONLY_ACTIVE_ARCH = YES;
				SDKROOT = iphoneos;
				SWIFT_ACTIVE_COMPILATION_CONDITIONS = DEBUG;
				SWIFT_OPTIMIZATION_LEVEL = "-Onone";
			};
			name = Debug;
		};
		C7C8916525A71732008C324F /* Release */ = {
			isa = XCBuildConfiguration;
			buildSettings = {
				ALWAYS_SEARCH_USER_PATHS = NO;
				CLANG_ANALYZER_NONNULL = YES;
				CLANG_ANALYZER_NUMBER_OBJECT_CONVERSION = YES_AGGRESSIVE;
				CLANG_CXX_LANGUAGE_STANDARD = "gnu++14";
				CLANG_CXX_LIBRARY = "libc++";
				CLANG_ENABLE_MODULES = YES;
				CLANG_ENABLE_OBJC_ARC = YES;
				CLANG_ENABLE_OBJC_WEAK = YES;
				CLANG_WARN_BLOCK_CAPTURE_AUTORELEASING = YES;
				CLANG_WARN_BOOL_CONVERSION = YES;
				CLANG_WARN_COMMA = YES;
				CLANG_WARN_CONSTANT_CONVERSION = YES;
				CLANG_WARN_DEPRECATED_OBJC_IMPLEMENTATIONS = YES;
				CLANG_WARN_DIRECT_OBJC_ISA_USAGE = YES_ERROR;
				CLANG_WARN_DOCUMENTATION_COMMENTS = YES;
				CLANG_WARN_EMPTY_BODY = YES;
				CLANG_WARN_ENUM_CONVERSION = YES;
				CLANG_WARN_INFINITE_RECURSION = YES;
				CLANG_WARN_INT_CONVERSION = YES;
				CLANG_WARN_NON_LITERAL_NULL_CONVERSION = YES;
				CLANG_WARN_OBJC_IMPLICIT_RETAIN_SELF = YES;
				CLANG_WARN_OBJC_LITERAL_CONVERSION = YES;
				CLANG_WARN_OBJC_ROOT_CLASS = YES_ERROR;
				CLANG_WARN_QUOTED_INCLUDE_IN_FRAMEWORK_HEADER = YES;
				CLANG_WARN_RANGE_LOOP_ANALYSIS = YES;
				CLANG_WARN_STRICT_PROTOTYPES = YES;
				CLANG_WARN_SUSPICIOUS_MOVE = YES;
				CLANG_WARN_UNGUARDED_AVAILABILITY = YES_AGGRESSIVE;
				CLANG_WARN_UNREACHABLE_CODE = YES;
				CLANG_WARN__DUPLICATE_METHOD_MATCH = YES;
				COPY_PHASE_STRIP = NO;
				DEBUG_INFORMATION_FORMAT = "dwarf-with-dsym";
				ENABLE_NS_ASSERTIONS = NO;
				ENABLE_STRICT_OBJC_MSGSEND = YES;
				GCC_C_LANGUAGE_STANDARD = gnu11;
				GCC_NO_COMMON_BLOCKS = YES;
				GCC_WARN_64_TO_32_BIT_CONVERSION = YES;
				GCC_WARN_ABOUT_RETURN_TYPE = YES_ERROR;
				GCC_WARN_UNDECLARED_SELECTOR = YES;
				GCC_WARN_UNINITIALIZED_AUTOS = YES_AGGRESSIVE;
				GCC_WARN_UNUSED_FUNCTION = YES;
				GCC_WARN_UNUSED_VARIABLE = YES;
				IPHONEOS_DEPLOYMENT_TARGET = 14.3;
				MTL_ENABLE_DEBUG_INFO = NO;
				MTL_FAST_MATH = YES;
				SDKROOT = iphoneos;
				SWIFT_COMPILATION_MODE = wholemodule;
				SWIFT_OPTIMIZATION_LEVEL = "-O";
				VALIDATE_PRODUCT = YES;
			};
			name = Release;
		};
		C7C8916725A71732008C324F /* Debug */ = {
			isa = XCBuildConfiguration;
			baseConfigurationReference = F76CB44EA084E9728B33300A /* Pods-first_guru_project.debug.xcconfig */;
			buildSettings = {
				ASSETCATALOG_COMPILER_APPICON_NAME = AppIcon;
				ASSETCATALOG_COMPILER_GLOBAL_ACCENT_COLOR_NAME = AccentColor;
				CODE_SIGN_STYLE = Automatic;
				INFOPLIST_FILE = first_guru_project/Info.plist;
				LD_RUNPATH_SEARCH_PATHS = (
					"$(inherited)",
					"@executable_path/Frameworks",
				);
				PRODUCT_BUNDLE_IDENTIFIER = "com.dduchi.first-guru-project";
				PRODUCT_NAME = "$(TARGET_NAME)";
				SWIFT_VERSION = 5.0;
				TARGETED_DEVICE_FAMILY = "1,2";
			};
			name = Debug;
		};
		C7C8916825A71732008C324F /* Release */ = {
			isa = XCBuildConfiguration;
			baseConfigurationReference = 7CDF702FAA89E4F78D70E69A /* Pods-first_guru_project.release.xcconfig */;
			buildSettings = {
				ASSETCATALOG_COMPILER_APPICON_NAME = AppIcon;
				ASSETCATALOG_COMPILER_GLOBAL_ACCENT_COLOR_NAME = AccentColor;
				CODE_SIGN_STYLE = Automatic;
				INFOPLIST_FILE = first_guru_project/Info.plist;
				LD_RUNPATH_SEARCH_PATHS = (
					"$(inherited)",
					"@executable_path/Frameworks",
				);
				PRODUCT_BUNDLE_IDENTIFIER = "com.dduchi.first-guru-project";
				PRODUCT_NAME = "$(TARGET_NAME)";
				SWIFT_VERSION = 5.0;
				TARGETED_DEVICE_FAMILY = "1,2";
			};
			name = Release;
		};
/* End XCBuildConfiguration section */

/* Begin XCConfigurationList section */
		C7C8914D25A71731008C324F /* Build configuration list for PBXProject "first_guru_project" */ = {
			isa = XCConfigurationList;
			buildConfigurations = (
				C7C8916425A71732008C324F /* Debug */,
				C7C8916525A71732008C324F /* Release */,
			);
			defaultConfigurationIsVisible = 0;
			defaultConfigurationName = Release;
		};
		C7C8916625A71732008C324F /* Build configuration list for PBXNativeTarget "first_guru_project" */ = {
			isa = XCConfigurationList;
			buildConfigurations = (
				C7C8916725A71732008C324F /* Debug */,
				C7C8916825A71732008C324F /* Release */,
			);
			defaultConfigurationIsVisible = 0;
			defaultConfigurationName = Release;
		};
/* End XCConfigurationList section */
	};
	rootObject = C7C8914A25A71731008C324F /* Project object */;
}
