// !$*UTF8*$!
{
	archiveVersion = 1;
	classes = {
	};
	objectVersion = 50;
	objects = {

/* Begin PBXBuildFile section */
		3EDE2B52F4C10BC1B72CE0C2 /* Pods_LottoDraw.framework in Frameworks */ = {isa = PBXBuildFile; fileRef = B016C7F8367B440545A02BCC /* Pods_LottoDraw.framework */; };
		C7C8919B25A72B6B008C324F /* AppDelegate.swift in Sources */ = {isa = PBXBuildFile; fileRef = C7C8919A25A72B6B008C324F /* AppDelegate.swift */; };
		C7C8919D25A72B6B008C324F /* SceneDelegate.swift in Sources */ = {isa = PBXBuildFile; fileRef = C7C8919C25A72B6B008C324F /* SceneDelegate.swift */; };
		C7C8919F25A72B6B008C324F /* ViewController.swift in Sources */ = {isa = PBXBuildFile; fileRef = C7C8919E25A72B6B008C324F /* ViewController.swift */; };
		C7C891A225A72B6B008C324F /* Main.storyboard in Resources */ = {isa = PBXBuildFile; fileRef = C7C891A025A72B6B008C324F /* Main.storyboard */; };
		C7C891A425A72B6C008C324F /* Assets.xcassets in Resources */ = {isa = PBXBuildFile; fileRef = C7C891A325A72B6C008C324F /* Assets.xcassets */; };
		C7C891A725A72B6C008C324F /* LaunchScreen.storyboard in Resources */ = {isa = PBXBuildFile; fileRef = C7C891A525A72B6C008C324F /* LaunchScreen.storyboard */; };
/* End PBXBuildFile section */

/* Begin PBXFileReference section */
		2DF8B138E0C03C307F2200A2 /* Pods-LottoDraw.debug.xcconfig */ = {isa = PBXFileReference; includeInIndex = 1; lastKnownFileType = text.xcconfig; name = "Pods-LottoDraw.debug.xcconfig"; path = "Target Support Files/Pods-LottoDraw/Pods-LottoDraw.debug.xcconfig"; sourceTree = "<group>"; };
		B016C7F8367B440545A02BCC /* Pods_LottoDraw.framework */ = {isa = PBXFileReference; explicitFileType = wrapper.framework; includeInIndex = 0; path = Pods_LottoDraw.framework; sourceTree = BUILT_PRODUCTS_DIR; };
		C7C8919725A72B6B008C324F /* LottoDraw.app */ = {isa = PBXFileReference; explicitFileType = wrapper.application; includeInIndex = 0; path = LottoDraw.app; sourceTree = BUILT_PRODUCTS_DIR; };
		C7C8919A25A72B6B008C324F /* AppDelegate.swift */ = {isa = PBXFileReference; lastKnownFileType = sourcecode.swift; path = AppDelegate.swift; sourceTree = "<group>"; };
		C7C8919C25A72B6B008C324F /* SceneDelegate.swift */ = {isa = PBXFileReference; lastKnownFileType = sourcecode.swift; path = SceneDelegate.swift; sourceTree = "<group>"; };
		C7C8919E25A72B6B008C324F /* ViewController.swift */ = {isa = PBXFileReference; lastKnownFileType = sourcecode.swift; path = ViewController.swift; sourceTree = "<group>"; };
		C7C891A125A72B6B008C324F /* Base */ = {isa = PBXFileReference; lastKnownFileType = file.storyboard; name = Base; path = Base.lproj/Main.storyboard; sourceTree = "<group>"; };
		C7C891A325A72B6C008C324F /* Assets.xcassets */ = {isa = PBXFileReference; lastKnownFileType = folder.assetcatalog; path = Assets.xcassets; sourceTree = "<group>"; };
		C7C891A625A72B6C008C324F /* Base */ = {isa = PBXFileReference; lastKnownFileType = file.storyboard; name = Base; path = Base.lproj/LaunchScreen.storyboard; sourceTree = "<group>"; };
		C7C891A825A72B6C008C324F /* Info.plist */ = {isa = PBXFileReference; lastKnownFileType = text.plist.xml; path = Info.plist; sourceTree = "<group>"; };
		C90C5068D4C646194D145F08 /* Pods-LottoDraw.release.xcconfig */ = {isa = PBXFileReference; includeInIndex = 1; lastKnownFileType = text.xcconfig; name = "Pods-LottoDraw.release.xcconfig"; path = "Target Support Files/Pods-LottoDraw/Pods-LottoDraw.release.xcconfig"; sourceTree = "<group>"; };
/* End PBXFileReference section */

/* Begin PBXFrameworksBuildPhase section */
		C7C8919425A72B6B008C324F /* Frameworks */ = {
			isa = PBXFrameworksBuildPhase;
			buildActionMask = 2147483647;
			files = (
				3EDE2B52F4C10BC1B72CE0C2 /* Pods_LottoDraw.framework in Frameworks */,
			);
			runOnlyForDeploymentPostprocessing = 0;
		};
/* End PBXFrameworksBuildPhase section */

/* Begin PBXGroup section */
		07EEDE24F82C54312B230F15 /* Frameworks */ = {
			isa = PBXGroup;
			children = (
				B016C7F8367B440545A02BCC /* Pods_LottoDraw.framework */,
			);
			name = Frameworks;
			sourceTree = "<group>";
		};
		9971052A07C99EA4EADDCAD3 /* Pods */ = {
			isa = PBXGroup;
			children = (
				2DF8B138E0C03C307F2200A2 /* Pods-LottoDraw.debug.xcconfig */,
				C90C5068D4C646194D145F08 /* Pods-LottoDraw.release.xcconfig */,
			);
			name = Pods;
			path = Pods;
			sourceTree = "<group>";
		};
		C7C8918E25A72B6B008C324F = {
			isa = PBXGroup;
			children = (
				C7C8919925A72B6B008C324F /* LottoDraw */,
				C7C8919825A72B6B008C324F /* Products */,
				9971052A07C99EA4EADDCAD3 /* Pods */,
				07EEDE24F82C54312B230F15 /* Frameworks */,
			);
			sourceTree = "<group>";
		};
		C7C8919825A72B6B008C324F /* Products */ = {
			isa = PBXGroup;
			children = (
				C7C8919725A72B6B008C324F /* LottoDraw.app */,
			);
			name = Products;
			sourceTree = "<group>";
		};
		C7C8919925A72B6B008C324F /* LottoDraw */ = {
			isa = PBXGroup;
			children = (
				C7C8919A25A72B6B008C324F /* AppDelegate.swift */,
				C7C8919C25A72B6B008C324F /* SceneDelegate.swift */,
				C7C8919E25A72B6B008C324F /* ViewController.swift */,
				C7C891A025A72B6B008C324F /* Main.storyboard */,
				C7C891A325A72B6C008C324F /* Assets.xcassets */,
				C7C891A525A72B6C008C324F /* LaunchScreen.storyboard */,
				C7C891A825A72B6C008C324F /* Info.plist */,
			);
			path = LottoDraw;
			sourceTree = "<group>";
		};
/* End PBXGroup section */

/* Begin PBXNativeTarget section */
		C7C8919625A72B6B008C324F /* LottoDraw */ = {
			isa = PBXNativeTarget;
			buildConfigurationList = C7C891AB25A72B6C008C324F /* Build configuration list for PBXNativeTarget "LottoDraw" */;
			buildPhases = (
				180242F458A1F01B25D01507 /* [CP] Check Pods Manifest.lock */,
				C7C8919325A72B6B008C324F /* Sources */,
				C7C8919425A72B6B008C324F /* Frameworks */,
				C7C8919525A72B6B008C324F /* Resources */,
				62E03BC7929DD4A222B90019 /* [CP] Embed Pods Frameworks */,
			);
			buildRules = (
			);
			dependencies = (
			);
			name = LottoDraw;
			productName = LottoDraw;
			productReference = C7C8919725A72B6B008C324F /* LottoDraw.app */;
			productType = "com.apple.product-type.application";
		};
/* End PBXNativeTarget section */

/* Begin PBXProject section */
		C7C8918F25A72B6B008C324F /* Project object */ = {
			isa = PBXProject;
			attributes = {
				LastSwiftUpdateCheck = 1230;
				LastUpgradeCheck = 1230;
				TargetAttributes = {
					C7C8919625A72B6B008C324F = {
						CreatedOnToolsVersion = 12.3;
					};
				};
			};
			buildConfigurationList = C7C8919225A72B6B008C324F /* Build configuration list for PBXProject "LottoDraw" */;
			compatibilityVersion = "Xcode 9.3";
			developmentRegion = en;
			hasScannedForEncodings = 0;
			knownRegions = (
				en,
				Base,
			);
			mainGroup = C7C8918E25A72B6B008C324F;
			productRefGroup = C7C8919825A72B6B008C324F /* Products */;
			projectDirPath = "";
			projectRoot = "";
			targets = (
				C7C8919625A72B6B008C324F /* LottoDraw */,
			);
		};
/* End PBXProject section */

/* Begin PBXResourcesBuildPhase section */
		C7C8919525A72B6B008C324F /* Resources */ = {
			isa = PBXResourcesBuildPhase;
			buildActionMask = 2147483647;
			files = (
				C7C891A725A72B6C008C324F /* LaunchScreen.storyboard in Resources */,
				C7C891A425A72B6C008C324F /* Assets.xcassets in Resources */,
				C7C891A225A72B6B008C324F /* Main.storyboard in Resources */,
			);
			runOnlyForDeploymentPostprocessing = 0;
		};
/* End PBXResourcesBuildPhase section */

/* Begin PBXShellScriptBuildPhase section */
		180242F458A1F01B25D01507 /* [CP] Check Pods Manifest.lock */ = {
			isa = PBXShellScriptBuildPhase;
			buildActionMask = 2147483647;
			files = (
			);
			inputFileListPaths = (
			);
			inputPaths = (
				"${PODS_PODFILE_DIR_PATH}/Podfile.lock",
				"${PODS_ROOT}/Manifest.lock",
			);
			name = "[CP] Check Pods Manifest.lock";
			outputFileListPaths = (
			);
			outputPaths = (
				"$(DERIVED_FILE_DIR)/Pods-LottoDraw-checkManifestLockResult.txt",
			);
			runOnlyForDeploymentPostprocessing = 0;
			shellPath = /bin/sh;
			shellScript = "diff \"${PODS_PODFILE_DIR_PATH}/Podfile.lock\" \"${PODS_ROOT}/Manifest.lock\" > /dev/null\nif [ $? != 0 ] ; then\n    # print error to STDERR\n    echo \"error: The sandbox is not in sync with the Podfile.lock. Run 'pod install' or update your CocoaPods installation.\" >&2\n    exit 1\nfi\n# This output is used by Xcode 'outputs' to avoid re-running this script phase.\necho \"SUCCESS\" > \"${SCRIPT_OUTPUT_FILE_0}\"\n";
			showEnvVarsInLog = 0;
		};
		62E03BC7929DD4A222B90019 /* [CP] Embed Pods Frameworks */ = {
			isa = PBXShellScriptBuildPhase;
			buildActionMask = 2147483647;
			files = (
			);
			inputFileListPaths = (
				"${PODS_ROOT}/Target Support Files/Pods-LottoDraw/Pods-LottoDraw-frameworks-${CONFIGURATION}-input-files.xcfilelist",
			);
			name = "[CP] Embed Pods Frameworks";
			outputFileListPaths = (
				"${PODS_ROOT}/Target Support Files/Pods-LottoDraw/Pods-LottoDraw-frameworks-${CONFIGURATION}-output-files.xcfilelist",
			);
			runOnlyForDeploymentPostprocessing = 0;
			shellPath = /bin/sh;
			shellScript = "\"${PODS_ROOT}/Target Support Files/Pods-LottoDraw/Pods-LottoDraw-frameworks.sh\"\n";
			showEnvVarsInLog = 0;
		};
/* End PBXShellScriptBuildPhase section */

/* Begin PBXSourcesBuildPhase section */
		C7C8919325A72B6B008C324F /* Sources */ = {
			isa = PBXSourcesBuildPhase;
			buildActionMask = 2147483647;
			files = (
				C7C8919F25A72B6B008C324F /* ViewController.swift in Sources */,
				C7C8919B25A72B6B008C324F /* AppDelegate.swift in Sources */,
				C7C8919D25A72B6B008C324F /* SceneDelegate.swift in Sources */,
			);
			runOnlyForDeploymentPostprocessing = 0;
		};
/* End PBXSourcesBuildPhase section */

/* Begin PBXVariantGroup section */
		C7C891A025A72B6B008C324F /* Main.storyboard */ = {
			isa = PBXVariantGroup;
			children = (
				C7C891A125A72B6B008C324F /* Base */,
			);
			name = Main.storyboard;
			sourceTree = "<group>";
		};
		C7C891A525A72B6C008C324F /* LaunchScreen.storyboard */ = {
			isa = PBXVariantGroup;
			children = (
				C7C891A625A72B6C008C324F /* Base */,
			);
			name = LaunchScreen.storyboard;
			sourceTree = "<group>";
		};
/* End PBXVariantGroup section */

/* Begin XCBuildConfiguration section */
		C7C891A925A72B6C008C324F /* Debug */ = {
			isa = XCBuildConfiguration;
			buildSettings = {
				ALWAYS_SEARCH_USER_PATHS = NO;
				CLANG_ANALYZER_NONNULL = YES;
				CLANG_ANALYZER_NUMBER_OBJECT_CONVERSION = YES_AGGRESSIVE;
				CLANG_CXX_LANGUAGE_STANDARD = "gnu++14";
				CLANG_CXX_LIBRARY = "libc++";
				CLANG_ENABLE_MODULES = YES;
				CLANG_ENABLE_OBJC_ARC = YES;
				CLANG_ENABLE_OBJC_WEAK = YES;
				CLANG_WARN_BLOCK_CAPTURE_AUTORELEASING = YES;
				CLANG_WARN_BOOL_CONVERSION = YES;
				CLANG_WARN_COMMA = YES;
				CLANG_WARN_CONSTANT_CONVERSION = YES;
				CLANG_WARN_DEPRECATED_OBJC_IMPLEMENTATIONS = YES;
				CLANG_WARN_DIRECT_OBJC_ISA_USAGE = YES_ERROR;
				CLANG_WARN_DOCUMENTATION_COMMENTS = YES;
				CLANG_WARN_EMPTY_BODY = YES;
				CLANG_WARN_ENUM_CONVERSION = YES;
				CLANG_WARN_INFINITE_RECURSION = YES;
				CLANG_WARN_INT_CONVERSION = YES;
				CLANG_WARN_NON_LITERAL_NULL_CONVERSION = YES;
				CLANG_WARN_OBJC_IMPLICIT_RETAIN_SELF = YES;
				CLANG_WARN_OBJC_LITERAL_CONVERSION = YES;
				CLANG_WARN_OBJC_ROOT_CLASS = YES_ERROR;
				CLANG_WARN_QUOTED_INCLUDE_IN_FRAMEWORK_HEADER = YES;
				CLANG_WARN_RANGE_LOOP_ANALYSIS = YES;
				CLANG_WARN_STRICT_PROTOTYPES = YES;
				CLANG_WARN_SUSPICIOUS_MOVE = YES;
				CLANG_WARN_UNGUARDED_AVAILABILITY = YES_AGGRESSIVE;
				CLANG_WARN_UNREACHABLE_CODE = YES;
				CLANG_WARN__DUPLICATE_METHOD_MATCH = YES;
				COPY_PHASE_STRIP = NO;
				DEBUG_INFORMATION_FORMAT = dwarf;
				ENABLE_STRICT_OBJC_MSGSEND = YES;
				ENABLE_TESTABILITY = YES;
				GCC_C_LANGUAGE_STANDARD = gnu11;
				GCC_DYNAMIC_NO_PIC = NO;
				GCC_NO_COMMON_BLOCKS = YES;
				GCC_OPTIMIZATION_LEVEL = 0;
				GCC_PREPROCESSOR_DEFINITIONS = (
					"DEBUG=1",
					"$(inherited)",
				);
				GCC_WARN_64_TO_32_BIT_CONVERSION = YES;
				GCC_WARN_ABOUT_RETURN_TYPE = YES_ERROR;
				GCC_WARN_UNDECLARED_SELECTOR = YES;
				GCC_WARN_UNINITIALIZED_AUTOS = YES_AGGRESSIVE;
				GCC_WARN_UNUSED_FUNCTION = YES;
				GCC_WARN_UNUSED_VARIABLE = YES;
				IPHONEOS_DEPLOYMENT_TARGET = 14.3;
				MTL_ENABLE_DEBUG_INFO = INCLUDE_SOURCE;
				MTL_FAST_MATH = YES;
				ONLY_ACTIVE_ARCH = YES;
				SDKROOT = iphoneos;
				SWIFT_ACTIVE_COMPILATION_CONDITIONS = DEBUG;
				SWIFT_OPTIMIZATION_LEVEL = "-Onone";
			};
			name = Debug;
		};
		C7C891AA25A72B6C008C324F /* Release */ = {
			isa = XCBuildConfiguration;
			buildSettings = {
				ALWAYS_SEARCH_USER_PATHS = NO;
				CLANG_ANALYZER_NONNULL = YES;
				CLANG_ANALYZER_NUMBER_OBJECT_CONVERSION = YES_AGGRESSIVE;
				CLANG_CXX_LANGUAGE_STANDARD = "gnu++14";
				CLANG_CXX_LIBRARY = "libc++";
				CLANG_ENABLE_MODULES = YES;
				CLANG_ENABLE_OBJC_ARC = YES;
				CLANG_ENABLE_OBJC_WEAK = YES;
				CLANG_WARN_BLOCK_CAPTURE_AUTORELEASING = YES;
				CLANG_WARN_BOOL_CONVERSION = YES;
				CLANG_WARN_COMMA = YES;
				CLANG_WARN_CONSTANT_CONVERSION = YES;
				CLANG_WARN_DEPRECATED_OBJC_IMPLEMENTATIONS = YES;
				CLANG_WARN_DIRECT_OBJC_ISA_USAGE = YES_ERROR;
				CLANG_WARN_DOCUMENTATION_COMMENTS = YES;
				CLANG_WARN_EMPTY_BODY = YES;
				CLANG_WARN_ENUM_CONVERSION = YES;
				CLANG_WARN_INFINITE_RECURSION = YES;
				CLANG_WARN_INT_CONVERSION = YES;
				CLANG_WARN_NON_LITERAL_NULL_CONVERSION = YES;
				CLANG_WARN_OBJC_IMPLICIT_RETAIN_SELF = YES;
				CLANG_WARN_OBJC_LITERAL_CONVERSION = YES;
				CLANG_WARN_OBJC_ROOT_CLASS = YES_ERROR;
				CLANG_WARN_QUOTED_INCLUDE_IN_FRAMEWORK_HEADER = YES;
				CLANG_WARN_RANGE_LOOP_ANALYSIS = YES;
				CLANG_WARN_STRICT_PROTOTYPES = YES;
				CLANG_WARN_SUSPICIOUS_MOVE = YES;
				CLANG_WARN_UNGUARDED_AVAILABILITY = YES_AGGRESSIVE;
				CLANG_WARN_UNREACHABLE_CODE = YES;
				CLANG_WARN__DUPLICATE_METHOD_MATCH = YES;
				COPY_PHASE_STRIP = NO;
				DEBUG_INFORMATION_FORMAT = "dwarf-with-dsym";
				ENABLE_NS_ASSERTIONS = NO;
				ENABLE_STRICT_OBJC_MSGSEND = YES;
				GCC_C_LANGUAGE_STANDARD = gnu11;
				GCC_NO_COMMON_BLOCKS = YES;
				GCC_WARN_64_TO_32_BIT_CONVERSION = YES;
				GCC_WARN_ABOUT_RETURN_TYPE = YES_ERROR;
				GCC_WARN_UNDECLARED_SELECTOR = YES;
				GCC_WARN_UNINITIALIZED_AUTOS = YES_AGGRESSIVE;
				GCC_WARN_UNUSED_FUNCTION = YES;
				GCC_WARN_UNUSED_VARIABLE = YES;
				IPHONEOS_DEPLOYMENT_TARGET = 14.3;
				MTL_ENABLE_DEBUG_INFO = NO;
				MTL_FAST_MATH = YES;
				SDKROOT = iphoneos;
				SWIFT_COMPILATION_MODE = wholemodule;
				SWIFT_OPTIMIZATION_LEVEL = "-O";
				VALIDATE_PRODUCT = YES;
			};
			name = Release;
		};
		C7C891AC25A72B6C008C324F /* Debug */ = {
			isa = XCBuildConfiguration;
			baseConfigurationReference = 2DF8B138E0C03C307F2200A2 /* Pods-LottoDraw.debug.xcconfig */;
			buildSettings = {
				ASSETCATALOG_COMPILER_APPICON_NAME = AppIcon;
				ASSETCATALOG_COMPILER_GLOBAL_ACCENT_COLOR_NAME = AccentColor;
				CODE_SIGN_STYLE = Automatic;
				INFOPLIST_FILE = LottoDraw/Info.plist;
				LD_RUNPATH_SEARCH_PATHS = (
					"$(inherited)",
					"@executable_path/Frameworks",
				);
				PRODUCT_BUNDLE_IDENTIFIER = com.dduchi.LottoDraw;
				PRODUCT_NAME = "$(TARGET_NAME)";
				SWIFT_VERSION = 5.0;
				TARGETED_DEVICE_FAMILY = "1,2";
			};
			name = Debug;
		};
		C7C891AD25A72B6C008C324F /* Release */ = {
			isa = XCBuildConfiguration;
			baseConfigurationReference = C90C5068D4C646194D145F08 /* Pods-LottoDraw.release.xcconfig */;
			buildSettings = {
				ASSETCATALOG_COMPILER_APPICON_NAME = AppIcon;
				ASSETCATALOG_COMPILER_GLOBAL_ACCENT_COLOR_NAME = AccentColor;
				CODE_SIGN_STYLE = Automatic;
				INFOPLIST_FILE = LottoDraw/Info.plist;
				LD_RUNPATH_SEARCH_PATHS = (
					"$(inherited)",
					"@executable_path/Frameworks",
				);
				PRODUCT_BUNDLE_IDENTIFIER = com.dduchi.LottoDraw;
				PRODUCT_NAME = "$(TARGET_NAME)";
				SWIFT_VERSION = 5.0;
				TARGETED_DEVICE_FAMILY = "1,2";
			};
			name = Release;
		};
/* End XCBuildConfiguration section */

/* Begin XCConfigurationList section */
		C7C8919225A72B6B008C324F /* Build configuration list for PBXProject "LottoDraw" */ = {
			isa = XCConfigurationList;
			buildConfigurations = (
				C7C891A925A72B6C008C324F /* Debug */,
				C7C891AA25A72B6C008C324F /* Release */,
			);
			defaultConfigurationIsVisible = 0;
			defaultConfigurationName = Release;
		};
		C7C891AB25A72B6C008C324F /* Build configuration list for PBXNativeTarget "LottoDraw" */ = {
			isa = XCConfigurationList;
			buildConfigurations = (
				C7C891AC25A72B6C008C324F /* Debug */,
				C7C891AD25A72B6C008C324F /* Release */,
			);
			defaultConfigurationIsVisible = 0;
			defaultConfigurationName = Release;
		};
/* End XCConfigurationList section */
	};
	rootObject = C7C8918F25A72B6B008C324F /* Project object */;
}
